// !$*UTF8*$!
{
	archiveVersion = 1;
	classes = {
	};
	objectVersion = 46;
	objects = {

/* Begin PBXBuildFile section */
		27B4BD8719764BE700492E69 /* Foundation.framework in Frameworks */ = {isa = PBXBuildFile; fileRef = 27B4BD8619764BE700492E69 /* Foundation.framework */; };
		27B4BD8919764BE700492E69 /* CoreGraphics.framework in Frameworks */ = {isa = PBXBuildFile; fileRef = 27B4BD8819764BE700492E69 /* CoreGraphics.framework */; };
		27B4BD8B19764BE700492E69 /* UIKit.framework in Frameworks */ = {isa = PBXBuildFile; fileRef = 27B4BD8A19764BE700492E69 /* UIKit.framework */; };
		27B4BD9119764BE700492E69 /* InfoPlist.strings in Resources */ = {isa = PBXBuildFile; fileRef = 27B4BD8F19764BE700492E69 /* InfoPlist.strings */; };
		27B4BD9319764BE800492E69 /* main.m in Sources */ = {isa = PBXBuildFile; fileRef = 27B4BD9219764BE800492E69 /* main.m */; };
		27B4BD9719764BE800492E69 /* KDAppDelegate.m in Sources */ = {isa = PBXBuildFile; fileRef = 27B4BD9619764BE800492E69 /* KDAppDelegate.m */; };
		27B4BD9A19764BE800492E69 /* Main.storyboard in Resources */ = {isa = PBXBuildFile; fileRef = 27B4BD9819764BE800492E69 /* Main.storyboard */; };
		27B4BD9D19764BE800492E69 /* KDViewController.m in Sources */ = {isa = PBXBuildFile; fileRef = 27B4BD9C19764BE800492E69 /* KDViewController.m */; };
		27B4BD9F19764BE800492E69 /* Images.xcassets in Resources */ = {isa = PBXBuildFile; fileRef = 27B4BD9E19764BE800492E69 /* Images.xcassets */; };
		27B4BDA619764BE800492E69 /* XCTest.framework in Frameworks */ = {isa = PBXBuildFile; fileRef = 27B4BDA519764BE800492E69 /* XCTest.framework */; };
		27B4BDA719764BE800492E69 /* Foundation.framework in Frameworks */ = {isa = PBXBuildFile; fileRef = 27B4BD8619764BE700492E69 /* Foundation.framework */; };
		27B4BDA819764BE800492E69 /* UIKit.framework in Frameworks */ = {isa = PBXBuildFile; fileRef = 27B4BD8A19764BE700492E69 /* UIKit.framework */; };
		27B4BDB019764BE800492E69 /* InfoPlist.strings in Resources */ = {isa = PBXBuildFile; fileRef = 27B4BDAE19764BE800492E69 /* InfoPlist.strings */; };
		27B4BDB219764BE800492E69 /* cfnetworkTests.m in Sources */ = {isa = PBXBuildFile; fileRef = 27B4BDB119764BE800492E69 /* cfnetworkTests.m */; };
/* End PBXBuildFile section */

/* Begin PBXContainerItemProxy section */
		27B4BDA919764BE800492E69 /* PBXContainerItemProxy */ = {
			isa = PBXContainerItemProxy;
			containerPortal = 27B4BD7B19764BE700492E69 /* Project object */;
			proxyType = 1;
			remoteGlobalIDString = 27B4BD8219764BE700492E69;
			remoteInfo = cfnetwork;
		};
/* End PBXContainerItemProxy section */

/* Begin PBXFileReference section */
		27B4BD8319764BE700492E69 /* cfnetwork.app */ = {isa = PBXFileReference; explicitFileType = wrapper.application; includeInIndex = 0; path = cfnetwork.app; sourceTree = BUILT_PRODUCTS_DIR; };
		27B4BD8619764BE700492E69 /* Foundation.framework */ = {isa = PBXFileReference; lastKnownFileType = wrapper.framework; name = Foundation.framework; path = System/Library/Frameworks/Foundation.framework; sourceTree = SDKROOT; };
		27B4BD8819764BE700492E69 /* CoreGraphics.framework */ = {isa = PBXFileReference; lastKnownFileType = wrapper.framework; name = CoreGraphics.framework; path = System/Library/Frameworks/CoreGraphics.framework; sourceTree = SDKROOT; };
		27B4BD8A19764BE700492E69 /* UIKit.framework */ = {isa = PBXFileReference; lastKnownFileType = wrapper.framework; name = UIKit.framework; path = System/Library/Frameworks/UIKit.framework; sourceTree = SDKROOT; };
		27B4BD8E19764BE700492E69 /* cfnetwork-Info.plist */ = {isa = PBXFileReference; lastKnownFileType = text.plist.xml; path = "cfnetwork-Info.plist"; sourceTree = "<group>"; };
		27B4BD9019764BE700492E69 /* en */ = {isa = PBXFileReference; lastKnownFileType = text.plist.strings; name = en; path = en.lproj/InfoPlist.strings; sourceTree = "<group>"; };
		27B4BD9219764BE800492E69 /* main.m */ = {isa = PBXFileReference; lastKnownFileType = sourcecode.c.objc; path = main.m; sourceTree = "<group>"; };
		27B4BD9419764BE800492E69 /* cfnetwork-Prefix.pch */ = {isa = PBXFileReference; lastKnownFileType = sourcecode.c.h; path = "cfnetwork-Prefix.pch"; sourceTree = "<group>"; };
		27B4BD9519764BE800492E69 /* KDAppDelegate.h */ = {isa = PBXFileReference; lastKnownFileType = sourcecode.c.h; path = KDAppDelegate.h; sourceTree = "<group>"; };
		27B4BD9619764BE800492E69 /* KDAppDelegate.m */ = {isa = PBXFileReference; lastKnownFileType = sourcecode.c.objc; path = KDAppDelegate.m; sourceTree = "<group>"; };
		27B4BD9919764BE800492E69 /* Base */ = {isa = PBXFileReference; lastKnownFileType = file.storyboard; name = Base; path = Base.lproj/Main.storyboard; sourceTree = "<group>"; };
		27B4BD9B19764BE800492E69 /* KDViewController.h */ = {isa = PBXFileReference; lastKnownFileType = sourcecode.c.h; path = KDViewController.h; sourceTree = "<group>"; };
		27B4BD9C19764BE800492E69 /* KDViewController.m */ = {isa = PBXFileReference; lastKnownFileType = sourcecode.c.objc; path = KDViewController.m; sourceTree = "<group>"; };
		27B4BD9E19764BE800492E69 /* Images.xcassets */ = {isa = PBXFileReference; lastKnownFileType = folder.assetcatalog; path = Images.xcassets; sourceTree = "<group>"; };
		27B4BDA419764BE800492E69 /* cfnetworkTests.xctest */ = {isa = PBXFileReference; explicitFileType = wrapper.cfbundle; includeInIndex = 0; path = cfnetworkTests.xctest; sourceTree = BUILT_PRODUCTS_DIR; };
		27B4BDA519764BE800492E69 /* XCTest.framework */ = {isa = PBXFileReference; lastKnownFileType = wrapper.framework; name = XCTest.framework; path = Library/Frameworks/XCTest.framework; sourceTree = DEVELOPER_DIR; };
		27B4BDAD19764BE800492E69 /* cfnetworkTests-Info.plist */ = {isa = PBXFileReference; lastKnownFileType = text.plist.xml; path = "cfnetworkTests-Info.plist"; sourceTree = "<group>"; };
		27B4BDAF19764BE800492E69 /* en */ = {isa = PBXFileReference; lastKnownFileType = text.plist.strings; name = en; path = en.lproj/InfoPlist.strings; sourceTree = "<group>"; };
		27B4BDB119764BE800492E69 /* cfnetworkTests.m */ = {isa = PBXFileReference; lastKnownFileType = sourcecode.c.objc; path = cfnetworkTests.m; sourceTree = "<group>"; };
/* End PBXFileReference section */

/* Begin PBXFrameworksBuildPhase section */
		27B4BD8019764BE700492E69 /* Frameworks */ = {
			isa = PBXFrameworksBuildPhase;
			buildActionMask = 2147483647;
			files = (
				27B4BD8919764BE700492E69 /* CoreGraphics.framework in Frameworks */,
				27B4BD8B19764BE700492E69 /* UIKit.framework in Frameworks */,
				27B4BD8719764BE700492E69 /* Foundation.framework in Frameworks */,
			);
			runOnlyForDeploymentPostprocessing = 0;
		};
		27B4BDA119764BE800492E69 /* Frameworks */ = {
			isa = PBXFrameworksBuildPhase;
			buildActionMask = 2147483647;
			files = (
				27B4BDA619764BE800492E69 /* XCTest.framework in Frameworks */,
				27B4BDA819764BE800492E69 /* UIKit.framework in Frameworks */,
				27B4BDA719764BE800492E69 /* Foundation.framework in Frameworks */,
			);
			runOnlyForDeploymentPostprocessing = 0;
		};
/* End PBXFrameworksBuildPhase section */

/* Begin PBXGroup section */
		27B4BD7A19764BE700492E69 = {
			isa = PBXGroup;
			children = (
				27B4BD8C19764BE700492E69 /* cfnetwork */,
				27B4BDAB19764BE800492E69 /* cfnetworkTests */,
				27B4BD8519764BE700492E69 /* Frameworks */,
				27B4BD8419764BE700492E69 /* Products */,
			);
			sourceTree = "<group>";
		};
		27B4BD8419764BE700492E69 /* Products */ = {
			isa = PBXGroup;
			children = (
				27B4BD8319764BE700492E69 /* cfnetwork.app */,
				27B4BDA419764BE800492E69 /* cfnetworkTests.xctest */,
			);
			name = Products;
			sourceTree = "<group>";
		};
		27B4BD8519764BE700492E69 /* Frameworks */ = {
			isa = PBXGroup;
			children = (
				27B4BD8619764BE700492E69 /* Foundation.framework */,
				27B4BD8819764BE700492E69 /* CoreGraphics.framework */,
				27B4BD8A19764BE700492E69 /* UIKit.framework */,
				27B4BDA519764BE800492E69 /* XCTest.framework */,
			);
			name = Frameworks;
			sourceTree = "<group>";
		};
		27B4BD8C19764BE700492E69 /* cfnetwork */ = {
			isa = PBXGroup;
			children = (
				27B4BD9519764BE800492E69 /* KDAppDelegate.h */,
				27B4BD9619764BE800492E69 /* KDAppDelegate.m */,
				27B4BD9819764BE800492E69 /* Main.storyboard */,
				27B4BD9B19764BE800492E69 /* KDViewController.h */,
				27B4BD9C19764BE800492E69 /* KDViewController.m */,
				27B4BD9E19764BE800492E69 /* Images.xcassets */,
				27B4BD8D19764BE700492E69 /* Supporting Files */,
			);
			path = cfnetwork;
			sourceTree = "<group>";
		};
		27B4BD8D19764BE700492E69 /* Supporting Files */ = {
			isa = PBXGroup;
			children = (
				27B4BD8E19764BE700492E69 /* cfnetwork-Info.plist */,
				27B4BD8F19764BE700492E69 /* InfoPlist.strings */,
				27B4BD9219764BE800492E69 /* main.m */,
				27B4BD9419764BE800492E69 /* cfnetwork-Prefix.pch */,
			);
			name = "Supporting Files";
			sourceTree = "<group>";
		};
		27B4BDAB19764BE800492E69 /* cfnetworkTests */ = {
			isa = PBXGroup;
			children = (
				27B4BDB119764BE800492E69 /* cfnetworkTests.m */,
				27B4BDAC19764BE800492E69 /* Supporting Files */,
			);
			path = cfnetworkTests;
			sourceTree = "<group>";
		};
		27B4BDAC19764BE800492E69 /* Supporting Files */ = {
			isa = PBXGroup;
			children = (
				27B4BDAD19764BE800492E69 /* cfnetworkTests-Info.plist */,
				27B4BDAE19764BE800492E69 /* InfoPlist.strings */,
			);
			name = "Supporting Files";
			sourceTree = "<group>";
		};
/* End PBXGroup section */

/* Begin PBXNativeTarget section */
		27B4BD8219764BE700492E69 /* cfnetwork */ = {
			isa = PBXNativeTarget;
			buildConfigurationList = 27B4BDB519764BE800492E69 /* Build configuration list for PBXNativeTarget "cfnetwork" */;
			buildPhases = (
				27B4BD7F19764BE700492E69 /* Sources */,
				27B4BD8019764BE700492E69 /* Frameworks */,
				27B4BD8119764BE700492E69 /* Resources */,
			);
			buildRules = (
			);
			dependencies = (
			);
			name = cfnetwork;
			productName = cfnetwork;
			productReference = 27B4BD8319764BE700492E69 /* cfnetwork.app */;
			productType = "com.apple.product-type.application";
		};
		27B4BDA319764BE800492E69 /* cfnetworkTests */ = {
			isa = PBXNativeTarget;
			buildConfigurationList = 27B4BDB819764BE800492E69 /* Build configuration list for PBXNativeTarget "cfnetworkTests" */;
			buildPhases = (
				27B4BDA019764BE800492E69 /* Sources */,
				27B4BDA119764BE800492E69 /* Frameworks */,
				27B4BDA219764BE800492E69 /* Resources */,
			);
			buildRules = (
			);
			dependencies = (
				27B4BDAA19764BE800492E69 /* PBXTargetDependency */,
			);
			name = cfnetworkTests;
			productName = cfnetworkTests;
			productReference = 27B4BDA419764BE800492E69 /* cfnetworkTests.xctest */;
			productType = "com.apple.product-type.bundle.unit-test";
		};
/* End PBXNativeTarget section */

/* Begin PBXProject section */
		27B4BD7B19764BE700492E69 /* Project object */ = {
			isa = PBXProject;
			attributes = {
				CLASSPREFIX = KD;
				LastUpgradeCheck = 0510;
				ORGANIZATIONNAME = yuanrui;
				TargetAttributes = {
					27B4BDA319764BE800492E69 = {
						TestTargetID = 27B4BD8219764BE700492E69;
					};
				};
			};
			buildConfigurationList = 27B4BD7E19764BE700492E69 /* Build configuration list for PBXProject "cfnetwork" */;
			compatibilityVersion = "Xcode 3.2";
			developmentRegion = English;
			hasScannedForEncodings = 0;
			knownRegions = (
				en,
				Base,
			);
			mainGroup = 27B4BD7A19764BE700492E69;
			productRefGroup = 27B4BD8419764BE700492E69 /* Products */;
			projectDirPath = "";
			projectRoot = "";
			targets = (
				27B4BD8219764BE700492E69 /* cfnetwork */,
				27B4BDA319764BE800492E69 /* cfnetworkTests */,
			);
		};
/* End PBXProject section */

/* Begin PBXResourcesBuildPhase section */
		27B4BD8119764BE700492E69 /* Resources */ = {
			isa = PBXResourcesBuildPhase;
			buildActionMask = 2147483647;
			files = (
				27B4BD9F19764BE800492E69 /* Images.xcassets in Resources */,
				27B4BD9119764BE700492E69 /* InfoPlist.strings in Resources */,
				27B4BD9A19764BE800492E69 /* Main.storyboard in Resources */,
			);
			runOnlyForDeploymentPostprocessing = 0;
		};
		27B4BDA219764BE800492E69 /* Resources */ = {
			isa = PBXResourcesBuildPhase;
			buildActionMask = 2147483647;
			files = (
				27B4BDB019764BE800492E69 /* InfoPlist.strings in Resources */,
			);
			runOnlyForDeploymentPostprocessing = 0;
		};
/* End PBXResourcesBuildPhase section */

/* Begin PBXSourcesBuildPhase section */
		27B4BD7F19764BE700492E69 /* Sources */ = {
			isa = PBXSourcesBuildPhase;
			buildActionMask = 2147483647;
			files = (
				27B4BD9D19764BE800492E69 /* KDViewController.m in Sources */,
				27B4BD9319764BE800492E69 /* main.m in Sources */,
				27B4BD9719764BE800492E69 /* KDAppDelegate.m in Sources */,
			);
			runOnlyForDeploymentPostprocessing = 0;
		};
		27B4BDA019764BE800492E69 /* Sources */ = {
			isa = PBXSourcesBuildPhase;
			buildActionMask = 2147483647;
			files = (
				27B4BDB219764BE800492E69 /* cfnetworkTests.m in Sources */,
			);
			runOnlyForDeploymentPostprocessing = 0;
		};
/* End PBXSourcesBuildPhase section */

/* Begin PBXTargetDependency section */
		27B4BDAA19764BE800492E69 /* PBXTargetDependency */ = {
			isa = PBXTargetDependency;
			target = 27B4BD8219764BE700492E69 /* cfnetwork */;
			targetProxy = 27B4BDA919764BE800492E69 /* PBXContainerItemProxy */;
		};
/* End PBXTargetDependency section */

/* Begin PBXVariantGroup section */
		27B4BD8F19764BE700492E69 /* InfoPlist.strings */ = {
			isa = PBXVariantGroup;
			children = (
				27B4BD9019764BE700492E69 /* en */,
			);
			name = InfoPlist.strings;
			sourceTree = "<group>";
		};
		27B4BD9819764BE800492E69 /* Main.storyboard */ = {
			isa = PBXVariantGroup;
			children = (
				27B4BD9919764BE800492E69 /* Base */,
			);
			name = Main.storyboard;
			sourceTree = "<group>";
		};
		27B4BDAE19764BE800492E69 /* InfoPlist.strings */ = {
			isa = PBXVariantGroup;
			children = (
				27B4BDAF19764BE800492E69 /* en */,
			);
			name = InfoPlist.strings;
			sourceTree = "<group>";
		};
/* End PBXVariantGroup section */

/* Begin XCBuildConfiguration section */
		27B4BDB319764BE800492E69 /* Debug */ = {
			isa = XCBuildConfiguration;
			buildSettings = {
				ALWAYS_SEARCH_USER_PATHS = NO;
				CLANG_CXX_LANGUAGE_STANDARD = "gnu++0x";
				CLANG_CXX_LIBRARY = "libc++";
				CLANG_ENABLE_MODULES = YES;
				CLANG_ENABLE_OBJC_ARC = YES;
				CLANG_WARN_BOOL_CONVERSION = YES;
				CLANG_WARN_CONSTANT_CONVERSION = YES;
				CLANG_WARN_DIRECT_OBJC_ISA_USAGE = YES_ERROR;
				CLANG_WARN_EMPTY_BODY = YES;
				CLANG_WARN_ENUM_CONVERSION = YES;
				CLANG_WARN_INT_CONVERSION = YES;
				CLANG_WARN_OBJC_ROOT_CLASS = YES_ERROR;
				CLANG_WARN__DUPLICATE_METHOD_MATCH = YES;
				"CODE_SIGN_IDENTITY[sdk=iphoneos*]" = "iPhone Developer";
				COPY_PHASE_STRIP = NO;
				GCC_C_LANGUAGE_STANDARD = gnu99;
				GCC_DYNAMIC_NO_PIC = NO;
				GCC_OPTIMIZATION_LEVEL = 0;
				GCC_PREPROCESSOR_DEFINITIONS = (
					"DEBUG=1",
					"$(inherited)",
				);
				GCC_SYMBOLS_PRIVATE_EXTERN = NO;
				GCC_WARN_64_TO_32_BIT_CONVERSION = YES;
				GCC_WARN_ABOUT_RETURN_TYPE = YES_ERROR;
				GCC_WARN_UNDECLARED_SELECTOR = YES;
				GCC_WARN_UNINITIALIZED_AUTOS = YES_AGGRESSIVE;
				GCC_WARN_UNUSED_FUNCTION = YES;
				GCC_WARN_UNUSED_VARIABLE = YES;
				IPHONEOS_DEPLOYMENT_TARGET = 7.1;
				ONLY_ACTIVE_ARCH = YES;
				SDKROOT = iphoneos;
			};
			name = Debug;
		};
		27B4BDB419764BE800492E69 /* Release */ = {
			isa = XCBuildConfiguration;
			buildSettings = {
				ALWAYS_SEARCH_USER_PATHS = NO;
				CLANG_CXX_LANGUAGE_STANDARD = "gnu++0x";
				CLANG_CXX_LIBRARY = "libc++";
				CLANG_ENABLE_MODULES = YES;
				CLANG_ENABLE_OBJC_ARC = YES;
				CLANG_WARN_BOOL_CONVERSION = YES;
				CLANG_WARN_CONSTANT_CONVERSION = YES;
				CLANG_WARN_DIRECT_OBJC_ISA_USAGE = YES_ERROR;
				CLANG_WARN_EMPTY_BODY = YES;
				CLANG_WARN_ENUM_CONVERSION = YES;
				CLANG_WARN_INT_CONVERSION = YES;
				CLANG_WARN_OBJC_ROOT_CLASS = YES_ERROR;
				CLANG_WARN__DUPLICATE_METHOD_MATCH = YES;
				"CODE_SIGN_IDENTITY[sdk=iphoneos*]" = "iPhone Developer";
				COPY_PHASE_STRIP = YES;
				ENABLE_NS_ASSERTIONS = NO;
				GCC_C_LANGUAGE_STANDARD = gnu99;
				GCC_WARN_64_TO_32_BIT_CONVERSION = YES;
				GCC_WARN_ABOUT_RETURN_TYPE = YES_ERROR;
				GCC_WARN_UNDECLARED_SELECTOR = YES;
				GCC_WARN_UNINITIALIZED_AUTOS = YES_AGGRESSIVE;
				GCC_WARN_UNUSED_FUNCTION = YES;
				GCC_WARN_UNUSED_VARIABLE = YES;
				IPHONEOS_DEPLOYMENT_TARGET = 7.1;
				SDKROOT = iphoneos;
				VALIDATE_PRODUCT = YES;
			};
			name = Release;
		};
		27B4BDB619764BE800492E69 /* Debug */ = {
			isa = XCBuildConfiguration;
			buildSettings = {
				ASSETCATALOG_COMPILER_APPICON_NAME = AppIcon;
				ASSETCATALOG_COMPILER_LAUNCHIMAGE_NAME = LaunchImage;
				GCC_PRECOMPILE_PREFIX_HEADER = YES;
				GCC_PREFIX_HEADER = "cfnetwork/cfnetwork-Prefix.pch";
				INFOPLIST_FILE = "cfnetwork/cfnetwork-Info.plist";
				PRODUCT_NAME = "$(TARGET_NAME)";
				WRAPPER_EXTENSION = app;
			};
			name = Debug;
		};
		27B4BDB719764BE800492E69 /* Release */ = {
			isa = XCBuildConfiguration;
			buildSettings = {
				ASSETCATALOG_COMPILER_APPICON_NAME = AppIcon;
				ASSETCATALOG_COMPILER_LAUNCHIMAGE_NAME = LaunchImage;
				GCC_PRECOMPILE_PREFIX_HEADER = YES;
				GCC_PREFIX_HEADER = "cfnetwork/cfnetwork-Prefix.pch";
				INFOPLIST_FILE = "cfnetwork/cfnetwork-Info.plist";
				PRODUCT_NAME = "$(TARGET_NAME)";
				WRAPPER_EXTENSION = app;
			};
			name = Release;
		};
		27B4BDB919764BE800492E69 /* Debug */ = {
			isa = XCBuildConfiguration;
			buildSettings = {
				BUNDLE_LOADER = "$(BUILT_PRODUCTS_DIR)/cfnetwork.app/cfnetwork";
				FRAMEWORK_SEARCH_PATHS = (
					"$(SDKROOT)/Developer/Library/Frameworks",
					"$(inherited)",
					"$(DEVELOPER_FRAMEWORKS_DIR)",
				);
				GCC_PRECOMPILE_PREFIX_HEADER = YES;
				GCC_PREFIX_HEADER = "cfnetwork/cfnetwork-Prefix.pch";
				GCC_PREPROCESSOR_DEFINITIONS = (
					"DEBUG=1",
					"$(inherited)",
				);
				INFOPLIST_FILE = "cfnetworkTests/cfnetworkTests-Info.plist";
				PRODUCT_NAME = "$(TARGET_NAME)";
				TEST_HOST = "$(BUNDLE_LOADER)";
				WRAPPER_EXTENSION = xctest;
			};
			name = Debug;
		};
		27B4BDBA19764BE800492E69 /* Release */ = {
			isa = XCBuildConfiguration;
			buildSettings = {
				BUNDLE_LOADER = "$(BUILT_PRODUCTS_DIR)/cfnetwork.app/cfnetwork";
				FRAMEWORK_SEARCH_PATHS = (
					"$(SDKROOT)/Developer/Library/Frameworks",
					"$(inherited)",
					"$(DEVELOPER_FRAMEWORKS_DIR)",
				);
				GCC_PRECOMPILE_PREFIX_HEADER = YES;
				GCC_PREFIX_HEADER = "cfnetwork/cfnetwork-Prefix.pch";
				INFOPLIST_FILE = "cfnetworkTests/cfnetworkTests-Info.plist";
				PRODUCT_NAME = "$(TARGET_NAME)";
				TEST_HOST = "$(BUNDLE_LOADER)";
				WRAPPER_EXTENSION = xctest;
			};
			name = Release;
		};
/* End XCBuildConfiguration section */

/* Begin XCConfigurationList section */
		27B4BD7E19764BE700492E69 /* Build configuration list for PBXProject "cfnetwork" */ = {
			isa = XCConfigurationList;
			buildConfigurations = (
				27B4BDB319764BE800492E69 /* Debug */,
				27B4BDB419764BE800492E69 /* Release */,
			);
			defaultConfigurationIsVisible = 0;
			defaultConfigurationName = Release;
		};
		27B4BDB519764BE800492E69 /* Build configuration list for PBXNativeTarget "cfnetwork" */ = {
			isa = XCConfigurationList;
			buildConfigurations = (
				27B4BDB619764BE800492E69 /* Debug */,
				27B4BDB719764BE800492E69 /* Release */,
			);
			defaultConfigurationIsVisible = 0;
		};
		27B4BDB819764BE800492E69 /* Build configuration list for PBXNativeTarget "cfnetworkTests" */ = {
			isa = XCConfigurationList;
			buildConfigurations = (
				27B4BDB919764BE800492E69 /* Debug */,
				27B4BDBA19764BE800492E69 /* Release */,
			);
			defaultConfigurationIsVisible = 0;
		};
/* End XCConfigurationList section */
	};
	rootObject = 27B4BD7B19764BE700492E69 /* Project object */;
}
